
Microsoft Visual Studio Solution File, Format Version 12.00
Project("{FAE04EC0-301F-11D3-BF4B-00C04F79EFBC}") = "WeeklyCustomReportGenerator", "WeeklyCustomReportGenerator\WeeklyCustomReportGenerator.csproj", "{2F8ED1FC-525A-421C-B2AF-275DCCDAEA61}"
EndProject
Global
	GlobalSection(SolutionConfigurationPlatforms) = preSolution
		Debug|Any CPU = Debug|Any CPU
		Release|Any CPU = Release|Any CPU
	EndGlobalSection
	GlobalSection(ProjectConfigurationPlatforms) = postSolution
		{2F8ED1FC-525A-421C-B2AF-275DCCDAEA61}.Debug|Any CPU.ActiveCfg = X64|X64
		{2F8ED1FC-525A-421C-B2AF-275DCCDAEA61}.Debug|Any CPU.Build.0 = X64|X64
		{2F8ED1FC-525A-421C-B2AF-275DCCDAEA61}.Release|Any CPU.ActiveCfg = X64|X64
		{2F8ED1FC-525A-421C-B2AF-275DCCDAEA61}.Release|Any CPU.Build.0 = X64|X64
	EndGlobalSection
EndGlobal
